dependencies:
- name: bankcorp-common
  repository: file://../../bankcorp-common
  version: 0.1.0
- name: configserver
  repository: file://../../bankcorp-services/configserver
  version: 0.1.0
- name: eurekaserver
  repository: file://../../bankcorp-services/eurekaserver
  version: 0.1.0
- name: accounts
  repository: file://../../bankcorp-services/accounts
  version: 0.1.0
- name: cards
  repository: file://../../bankcorp-services/cards
  version: 0.1.0
- name: loans
  repository: file://../../bankcorp-services/loans
  version: 0.1.0
- name: gatewayserver
  repository: file://../../bankcorp-services/gatewayserver
  version: 0.1.0
- name: message
  repository: file://../../bankcorp-services/message
  version: 0.1.0
digest: sha256:497c6c9f4bc64fa224856da5dca7830fd2d60345acf6dde42df1e44b5d8c8f9e
generated: "2024-02-10T12:50:19.1647971+02:00"
